
Microsoft Visual Studio Solution File, Format Version 12.00
# Visual Studio Version 16
VisualStudioVersion = 16.0.31424.327
MinimumVisualStudioVersion = 10.0.40219.1
Project("{FAE04EC0-301F-11D3-BF4B-00C04F79EFBC}") = "ScaffoldingwithRazorpage", "ScaffoldingwithRazorpage.csproj", "{C1D24969-7A5A-4569-8408-5CD031FBFC06}"
EndProject
Global
	GlobalSection(SolutionConfigurationPlatforms) = preSolution
		Debug|Any CPU = Debug|Any CPU
		Release|Any CPU = Release|Any CPU
	EndGlobalSection
	GlobalSection(ProjectConfigurationPlatforms) = postSolution
		{C1D24969-7A5A-4569-8408-5CD031FBFC06}.Debug|Any CPU.ActiveCfg = Debug|Any CPU
		{C1D24969-7A5A-4569-8408-5CD031FBFC06}.Debug|Any CPU.Build.0 = Debug|Any CPU
		{C1D24969-7A5A-4569-8408-5CD031FBFC06}.Release|Any CPU.ActiveCfg = Release|Any CPU
		{C1D24969-7A5A-4569-8408-5CD031FBFC06}.Release|Any CPU.Build.0 = Release|Any CPU
	EndGlobalSection
	GlobalSection(SolutionProperties) = preSolution
		HideSolutionNode = FALSE
	EndGlobalSection
	GlobalSection(ExtensibilityGlobals) = postSolution
		SolutionGuid = {3F8D37B8-A2E0-46AF-8562-5923455A6BB6}
	EndGlobalSection
EndGlobal
