
Microsoft Visual Studio Solution File, Format Version 12.00
# Visual Studio Version 16
VisualStudioVersion = 16.0.31424.327
MinimumVisualStudioVersion = 10.0.40219.1
Project("{9A19103F-16F7-4668-BE54-9A1E7A4F7556}") = "IdentityProject", "IdentityProject.csproj", "{E6334E89-8B66-4BD9-9387-649F6D8850B6}"
EndProject
Global
	GlobalSection(SolutionConfigurationPlatforms) = preSolution
		Debug|Any CPU = Debug|Any CPU
		Release|Any CPU = Release|Any CPU
	EndGlobalSection
	GlobalSection(ProjectConfigurationPlatforms) = postSolution
		{E6334E89-8B66-4BD9-9387-649F6D8850B6}.Debug|Any CPU.ActiveCfg = Debug|Any CPU
		{E6334E89-8B66-4BD9-9387-649F6D8850B6}.Debug|Any CPU.Build.0 = Debug|Any CPU
		{E6334E89-8B66-4BD9-9387-649F6D8850B6}.Release|Any CPU.ActiveCfg = Release|Any CPU
		{E6334E89-8B66-4BD9-9387-649F6D8850B6}.Release|Any CPU.Build.0 = Release|Any CPU
	EndGlobalSection
	GlobalSection(SolutionProperties) = preSolution
		HideSolutionNode = FALSE
	EndGlobalSection
	GlobalSection(ExtensibilityGlobals) = postSolution
		SolutionGuid = {01D1FEAD-08BC-45C5-AF39-E5EC6A139BD9}
	EndGlobalSection
EndGlobal
